
Microsoft Visual Studio Solution File, Format Version 11.00
# Visual Studio 2010
Project("{FAE04EC0-301F-11D3-BF4B-00C04F79EFBC}") = "Assembly-CSharp", "Assembly-CSharp.csproj", "{7FEBC4A8-4C45-2889-38FF-85924A83648C}"
EndProject
Project("{FAE04EC0-301F-11D3-BF4B-00C04F79EFBC}") = "AgoraRtcSDK", "AgoraRtcSDK.csproj", "{34FCA0F2-5B06-90D1-5173-6BB8A4C015B6}"
EndProject
Project("{FAE04EC0-301F-11D3-BF4B-00C04F79EFBC}") = "Assembly-CSharp-Editor", "Assembly-CSharp-Editor.csproj", "{979AFC6D-04B1-1318-4780-D7EF7024007B}"
EndProject
Global
	GlobalSection(SolutionConfigurationPlatforms) = preSolution
		Debug|Any CPU = Debug|Any CPU
		Release|Any CPU = Release|Any CPU
	EndGlobalSection
	GlobalSection(ProjectConfigurationPlatforms) = postSolution
		{7FEBC4A8-4C45-2889-38FF-85924A83648C}.Debug|Any CPU.ActiveCfg = Debug|Any CPU
		{7FEBC4A8-4C45-2889-38FF-85924A83648C}.Debug|Any CPU.Build.0 = Debug|Any CPU
		{7FEBC4A8-4C45-2889-38FF-85924A83648C}.Release|Any CPU.ActiveCfg = Release|Any CPU
		{7FEBC4A8-4C45-2889-38FF-85924A83648C}.Release|Any CPU.Build.0 = Release|Any CPU
		{34FCA0F2-5B06-90D1-5173-6BB8A4C015B6}.Debug|Any CPU.ActiveCfg = Debug|Any CPU
		{34FCA0F2-5B06-90D1-5173-6BB8A4C015B6}.Debug|Any CPU.Build.0 = Debug|Any CPU
		{34FCA0F2-5B06-90D1-5173-6BB8A4C015B6}.Release|Any CPU.ActiveCfg = Release|Any CPU
		{34FCA0F2-5B06-90D1-5173-6BB8A4C015B6}.Release|Any CPU.Build.0 = Release|Any CPU
		{979AFC6D-04B1-1318-4780-D7EF7024007B}.Debug|Any CPU.ActiveCfg = Debug|Any CPU
		{979AFC6D-04B1-1318-4780-D7EF7024007B}.Debug|Any CPU.Build.0 = Debug|Any CPU
		{979AFC6D-04B1-1318-4780-D7EF7024007B}.Release|Any CPU.ActiveCfg = Release|Any CPU
		{979AFC6D-04B1-1318-4780-D7EF7024007B}.Release|Any CPU.Build.0 = Release|Any CPU
	EndGlobalSection
	GlobalSection(SolutionProperties) = preSolution
		HideSolutionNode = FALSE
	EndGlobalSection
EndGlobal
